
Microsoft Visual Studio Solution File, Format Version 12.00
# Visual Studio Version 17
VisualStudioVersion = 17.1.32421.90
MinimumVisualStudioVersion = 10.0.40219.1
Project("{FAE04EC0-301F-11D3-BF4B-00C04F79EFBC}") = "Pets16.1AutoGeneration", "Pets16.1AutoGeneration\Pets16.1AutoGeneration.csproj", "{AF704E5E-D4C1-4A27-B06D-9CC1226F08AF}"
EndProject
Global
	GlobalSection(SolutionConfigurationPlatforms) = preSolution
		Debug|Any CPU = Debug|Any CPU
		Release|Any CPU = Release|Any CPU
	EndGlobalSection
	GlobalSection(ProjectConfigurationPlatforms) = postSolution
		{AF704E5E-D4C1-4A27-B06D-9CC1226F08AF}.Debug|Any CPU.ActiveCfg = Debug|Any CPU
		{AF704E5E-D4C1-4A27-B06D-9CC1226F08AF}.Debug|Any CPU.Build.0 = Debug|Any CPU
		{AF704E5E-D4C1-4A27-B06D-9CC1226F08AF}.Release|Any CPU.ActiveCfg = Release|Any CPU
		{AF704E5E-D4C1-4A27-B06D-9CC1226F08AF}.Release|Any CPU.Build.0 = Release|Any CPU
	EndGlobalSection
	GlobalSection(SolutionProperties) = preSolution
		HideSolutionNode = FALSE
	EndGlobalSection
	GlobalSection(ExtensibilityGlobals) = postSolution
		SolutionGuid = {27B38666-C59C-4E75-B38E-36E24A2C0F9F}
	EndGlobalSection
EndGlobal
